[[package]]
name = "boto3"
version = "1.12.39"
description = "The AWS SDK for Python"
category = "main"
optional = false
python-versions = "*"

[package.dependencies]
botocore = ">=1.15.39,<1.16.0"
jmespath = ">=0.7.1,<1.0.0"
s3transfer = ">=0.3.0,<0.4.0"

[[package]]
name = "botocore"
version = "1.15.39"
description = "Low-level, data-driven core of boto 3."
category = "main"
optional = false
python-versions = "*"

[package.dependencies]
docutils = ">=0.10,<0.16"
jmespath = ">=0.7.1,<1.0.0"
python-dateutil = ">=2.1,<3.0.0"
urllib3 = {version = ">=1.20,<1.26", markers = "python_version != \"3.4\""}

[[package]]
name = "certifi"
version = "2020.4.5.1"
description = "Python package for providing Mozilla's CA Bundle."
category = "main"
optional = false
python-versions = "*"

[[package]]
name = "chardet"
version = "3.0.4"
description = "Universal encoding detector for Python 2 and 3"
category = "main"
optional = false
python-versions = "*"

[[package]]
name = "click"
version = "7.1.1"
description = "Composable command line interface toolkit"
category = "main"
optional = false
python-versions = ">=2.7, !=3.0.*, !=3.1.*, !=3.2.*, !=3.3.*, !=3.4.*"

[[package]]
name = "docutils"
version = "0.15.2"
description = "Docutils -- Python Documentation Utilities"
category = "main"
optional = false
python-versions = ">=2.6, !=3.0.*, !=3.1.*, !=3.2.*"

[[package]]
name = "fsspec"
version = "0.7.2"
description = "File-system specification"
category = "main"
optional = false
python-versions = ">3.5"

[[package]]
name = "geographiclib"
version = "1.50"
description = "The geodesic routines from GeographicLib"
category = "main"
optional = false
python-versions = "*"

[[package]]
name = "geopy"
version = "1.21.0"
description = "Python Geocoding Toolbox"
category = "main"
optional = false
python-versions = "*"

[package.dependencies]
geographiclib = ">=1.49,<2"

[package.extras]
dev = ["mock", "six", "flake8 (>=3.6.0,<3.7.0)", "isort (>=4.3.4,<4.4.0)", "coverage", "pytest (>=3.10)", "readme-renderer", "sphinx", "sphinx-rtd-theme (>=0.4.0)", "contextlib2", "statistics"]
dev-docs = ["readme-renderer", "sphinx", "sphinx-rtd-theme (>=0.4.0)"]
dev-lint = ["mock", "six", "flake8 (>=3.6.0,<3.7.0)", "isort (>=4.3.4,<4.4.0)", "contextlib2"]
dev-test = ["mock", "six", "coverage", "pytest (>=3.10)", "contextlib2", "statistics"]
timezone = ["pytz"]

[[package]]
name = "idna"
version = "2.9"
description = "Internationalized Domain Names in Applications (IDNA)"
category = "main"
optional = false
python-versions = ">=2.7, !=3.0.*, !=3.1.*, !=3.2.*, !=3.3.*"

[[package]]
name = "jmespath"
version = "0.9.5"
description = "JSON Matching Expressions"
category = "main"
optional = false
python-versions = "*"

[[package]]
name = "numpy"
version = "1.18.2"
description = "NumPy is the fundamental package for array computing with Python."
category = "main"
optional = false
python-versions = ">=3.5"

[[package]]
name = "pandas"
version = "1.0.3"
description = "Powerful data structures for data analysis, time series, and statistics"
category = "main"
optional = false
python-versions = ">=3.6.1"

[package.dependencies]
numpy = ">=1.13.3"
python-dateutil = ">=2.6.1"
pytz = ">=2017.2"

[package.extras]
test = ["pytest (>=4.0.2)", "pytest-xdist", "hypothesis (>=3.58)"]

[[package]]
name = "pillow"
version = "8.2.0"
description = "Python Imaging Library (Fork)"
category = "main"
optional = false
python-versions = ">=3.6"

[[package]]
name = "plotly"
version = "4.6.0"
description = "An open-source, interactive graphing library for Python"
category = "main"
optional = false
python-versions = "*"

[package.dependencies]
retrying = ">=1.3.3"
six = "*"

[[package]]
name = "psutil"
version = "5.7.0"
description = "Cross-platform lib for process and system monitoring in Python."
category = "main"
optional = false
python-versions = ">=2.6, !=3.0.*, !=3.1.*, !=3.2.*, !=3.3.*"

[package.extras]
enum = ["enum34"]

[[package]]
name = "python-dateutil"
version = "2.8.1"
description = "Extensions to the standard Python datetime module"
category = "main"
optional = false
python-versions = "!=3.0.*,!=3.1.*,!=3.2.*,>=2.7"

[package.dependencies]
six = ">=1.5"

[[package]]
name = "pytz"
version = "2019.3"
description = "World timezone definitions, modern and historical"
category = "main"
optional = false
python-versions = "*"

[[package]]
name = "requests"
version = "2.23.0"
description = "Python HTTP for Humans."
category = "main"
optional = false
python-versions = ">=2.7, !=3.0.*, !=3.1.*, !=3.2.*, !=3.3.*, !=3.4.*"

[package.dependencies]
certifi = ">=2017.4.17"
chardet = ">=3.0.2,<4"
idna = ">=2.5,<3"
urllib3 = ">=1.21.1,<1.25.0 || >1.25.0,<1.25.1 || >1.25.1,<1.26"

[package.extras]
security = ["pyOpenSSL (>=0.14)", "cryptography (>=1.3.4)"]
socks = ["PySocks (>=1.5.6,!=1.5.7)", "win-inet-pton"]

[[package]]
name = "retrying"
version = "1.3.3"
description = "Retrying"
category = "main"
optional = false
python-versions = "*"

[package.dependencies]
six = ">=1.7.0"

[[package]]
name = "s3fs"
version = "0.4.2"
description = "Convenient Filesystem interface over S3"
category = "main"
optional = false
python-versions = ">= 3.5"

[package.dependencies]
botocore = ">=1.12.91"
fsspec = ">=0.6.0"

[[package]]
name = "s3transfer"
version = "0.3.3"
description = "An Amazon S3 Transfer Manager"
category = "main"
optional = false
python-versions = "*"

[package.dependencies]
botocore = ">=1.12.36,<2.0a.0"

[[package]]
name = "six"
version = "1.14.0"
description = "Python 2 and 3 compatibility utilities"
category = "main"
optional = false
python-versions = ">=2.7, !=3.0.*, !=3.1.*, !=3.2.*"

[[package]]
name = "sodapy"
version = "2.1.0"
description = "Python library for the Socrata Open Data API"
category = "main"
optional = false
python-versions = "*"

[package.dependencies]
requests = ">=2.20.0"

[[package]]
name = "tqdm"
version = "4.46.0"
description = "Fast, Extensible Progress Meter"
category = "main"
optional = false
python-versions = ">=2.6, !=3.0.*, !=3.1.*"

[package.extras]
dev = ["py-make (>=0.1.0)", "twine", "argopt", "pydoc-markdown"]

[[package]]
name = "typer"
version = "0.1.1"
description = "Typer, build great CLIs. Easy to code. Based on Python type hints."
category = "main"
optional = false
python-versions = ">=3.6"

[package.dependencies]
click = ">=7.1.1,<7.2.0"

[package.extras]
all = ["colorama", "shellingham"]
dev = ["autoflake", "flake8"]
doc = ["mkdocs", "mkdocs-material", "markdown-include"]
test = ["shellingham", "pytest (>=4.4.0)", "pytest-cov", "coverage", "pytest-xdist", "pytest-sugar", "mypy", "black", "isort"]

[[package]]
name = "unidecode"
version = "1.1.1"
description = "ASCII transliterations of Unicode text"
category = "main"
optional = false
python-versions = ">=2.7, !=3.0.*, !=3.1.*, !=3.2.*, !=3.3.*"

[[package]]
name = "urllib3"
version = "1.25.8"
description = "HTTP library with thread-safe connection pooling, file post, and more."
category = "main"
optional = false
python-versions = ">=2.7, !=3.0.*, !=3.1.*, !=3.2.*, !=3.3.*, !=3.4.*, <4"

[package.extras]
brotli = ["brotlipy (>=0.6.0)"]
secure = ["pyOpenSSL (>=0.14)", "cryptography (>=1.3.4)", "idna (>=2.0.0)", "certifi", "ipaddress"]
socks = ["PySocks (>=1.5.6,!=1.5.7,<2.0)"]

[metadata]
lock-version = "1.1"
python-versions = "^3.7"
content-hash = "9c359247f21fc1d765899a44e0d9829c32759e47fea4f30adac0c37b85885ede"

[metadata.files]
boto3 = [
    {file = "boto3-1.12.39-py2.py3-none-any.whl", hash = "sha256:cdd79a3a7bbe1f33a365f0acfcc75c4405b482b3eb9ce3f4e6b16c418e201ac3"},
    {file = "boto3-1.12.39.tar.gz", hash = "sha256:970bd7b332e73d7b51077ed36772c634811b38c81b0cc6ed0f910e50d7ebadf8"},
]
botocore = [
    {file = "botocore-1.15.39-py2.py3-none-any.whl", hash = "sha256:e20ba56476b1031ce5ac8e22b59dabc75bd0e03231f124ed6b9ff99fe0b0c96b"},
    {file = "botocore-1.15.39.tar.gz", hash = "sha256:94232b44e1540b7e043e220bd43f855400d0a243e926b26b3fb72994e971d518"},
]
certifi = [
    {file = "certifi-2020.4.5.1-py2.py3-none-any.whl", hash = "sha256:1d987a998c75633c40847cc966fcf5904906c920a7f17ef374f5aa4282abd304"},
    {file = "certifi-2020.4.5.1.tar.gz", hash = "sha256:51fcb31174be6e6664c5f69e3e1691a2d72a1a12e90f872cbdb1567eb47b6519"},
]
chardet = [
    {file = "chardet-3.0.4-py2.py3-none-any.whl", hash = "sha256:fc323ffcaeaed0e0a02bf4d117757b98aed530d9ed4531e3e15460124c106691"},
    {file = "chardet-3.0.4.tar.gz", hash = "sha256:84ab92ed1c4d4f16916e05906b6b75a6c0fb5db821cc65e70cbd64a3e2a5eaae"},
]
click = [
    {file = "click-7.1.1-py2.py3-none-any.whl", hash = "sha256:e345d143d80bf5ee7534056164e5e112ea5e22716bbb1ce727941f4c8b471b9a"},
    {file = "click-7.1.1.tar.gz", hash = "sha256:8a18b4ea89d8820c5d0c7da8a64b2c324b4dabb695804dbfea19b9be9d88c0cc"},
]
docutils = [
    {file = "docutils-0.15.2-py2-none-any.whl", hash = "sha256:9e4d7ecfc600058e07ba661411a2b7de2fd0fafa17d1a7f7361cd47b1175c827"},
    {file = "docutils-0.15.2-py3-none-any.whl", hash = "sha256:6c4f696463b79f1fb8ba0c594b63840ebd41f059e92b31957c46b74a4599b6d0"},
    {file = "docutils-0.15.2.tar.gz", hash = "sha256:a2aeea129088da402665e92e0b25b04b073c04b2dce4ab65caaa38b7ce2e1a99"},
]
fsspec = [
    {file = "fsspec-0.7.2-py3-none-any.whl", hash = "sha256:7ba96c818572afd82c8a1c658ea2bfedcdb3762ed7cf3ddcbb9896a79d1b7d78"},
    {file = "fsspec-0.7.2.tar.gz", hash = "sha256:2f74d8cb37820480d5802620f819385a162202c7d9dbafcf82bc25e5fade4fd7"},
]
geographiclib = [
    {file = "geographiclib-1.50-py3-none-any.whl", hash = "sha256:51cfa698e7183792bce27d8fb63ac8e83689cd8170a730bf35e1a5c5bf8849b9"},
    {file = "geographiclib-1.50.tar.gz", hash = "sha256:12bd46ee7ec25b291ea139b17aa991e7ef373e21abd053949b75c0e9ca55c632"},
]
geopy = [
    {file = "geopy-1.21.0-py2.py3-none-any.whl", hash = "sha256:5de6fed0ee982e43a8e4243410477567cfccac22f8530edffc422761adf4e612"},
    {file = "geopy-1.21.0.tar.gz", hash = "sha256:dc02b43ca5202696907b6b4f72431c8df455c812889dbb4e1240a672857f3adc"},
]
idna = [
    {file = "idna-2.9-py2.py3-none-any.whl", hash = "sha256:a068a21ceac8a4d63dbfd964670474107f541babbd2250d61922f029858365fa"},
    {file = "idna-2.9.tar.gz", hash = "sha256:7588d1c14ae4c77d74036e8c22ff447b26d0fde8f007354fd48a7814db15b7cb"},
]
jmespath = [
    {file = "jmespath-0.9.5-py2.py3-none-any.whl", hash = "sha256:695cb76fa78a10663425d5b73ddc5714eb711157e52704d69be03b1a02ba4fec"},
    {file = "jmespath-0.9.5.tar.gz", hash = "sha256:cca55c8d153173e21baa59983015ad0daf603f9cb799904ff057bfb8ff8dc2d9"},
]
numpy = [
    {file = "numpy-1.18.2-cp35-cp35m-macosx_10_9_x86_64.whl", hash = "sha256:a1baa1dc8ecd88fb2d2a651671a84b9938461e8a8eed13e2f0a812a94084d1fa"},
    {file = "numpy-1.18.2-cp35-cp35m-manylinux1_i686.whl", hash = "sha256:a244f7af80dacf21054386539699ce29bcc64796ed9850c99a34b41305630286"},
    {file = "numpy-1.18.2-cp35-cp35m-manylinux1_x86_64.whl", hash = "sha256:6fcc5a3990e269f86d388f165a089259893851437b904f422d301cdce4ff25c8"},
    {file = "numpy-1.18.2-cp35-cp35m-win32.whl", hash = "sha256:b5ad0adb51b2dee7d0ee75a69e9871e2ddfb061c73ea8bc439376298141f77f5"},
    {file = "numpy-1.18.2-cp35-cp35m-win_amd64.whl", hash = "sha256:87902e5c03355335fc5992a74ba0247a70d937f326d852fc613b7f53516c0963"},
    {file = "numpy-1.18.2-cp36-cp36m-macosx_10_9_x86_64.whl", hash = "sha256:9ab21d1cb156a620d3999dd92f7d1c86824c622873841d6b080ca5495fa10fef"},
    {file = "numpy-1.18.2-cp36-cp36m-manylinux1_i686.whl", hash = "sha256:cdb3a70285e8220875e4d2bc394e49b4988bdb1298ffa4e0bd81b2f613be397c"},
    {file = "numpy-1.18.2-cp36-cp36m-manylinux1_x86_64.whl", hash = "sha256:6d205249a0293e62bbb3898c4c2e1ff8a22f98375a34775a259a0523111a8f6c"},
    {file = "numpy-1.18.2-cp36-cp36m-win32.whl", hash = "sha256:a35af656a7ba1d3decdd4fae5322b87277de8ac98b7d9da657d9e212ece76a61"},
    {file = "numpy-1.18.2-cp36-cp36m-win_amd64.whl", hash = "sha256:1598a6de323508cfeed6b7cd6c4efb43324f4692e20d1f76e1feec7f59013448"},
    {file = "numpy-1.18.2-cp37-cp37m-macosx_10_9_x86_64.whl", hash = "sha256:deb529c40c3f1e38d53d5ae6cd077c21f1d49e13afc7936f7f868455e16b64a0"},
    {file = "numpy-1.18.2-cp37-cp37m-manylinux1_i686.whl", hash = "sha256:cd77d58fb2acf57c1d1ee2835567cd70e6f1835e32090538f17f8a3a99e5e34b"},
    {file = "numpy-1.18.2-cp37-cp37m-manylinux1_x86_64.whl", hash = "sha256:b1fe1a6f3a6f355f6c29789b5927f8bd4f134a4bd9a781099a7c4f66af8850f5"},
    {file = "numpy-1.18.2-cp37-cp37m-win32.whl", hash = "sha256:2e40be731ad618cb4974d5ba60d373cdf4f1b8dcbf1dcf4d9dff5e212baf69c5"},
    {file = "numpy-1.18.2-cp37-cp37m-win_amd64.whl", hash = "sha256:4ba59db1fcc27ea31368af524dcf874d9277f21fd2e1f7f1e2e0c75ee61419ed"},
    {file = "numpy-1.18.2-cp38-cp38-macosx_10_9_x86_64.whl", hash = "sha256:59ca9c6592da581a03d42cc4e270732552243dc45e87248aa8d636d53812f6a5"},
    {file = "numpy-1.18.2-cp38-cp38-manylinux1_i686.whl", hash = "sha256:1b0ece94018ae21163d1f651b527156e1f03943b986188dd81bc7e066eae9d1c"},
    {file = "numpy-1.18.2-cp38-cp38-manylinux1_x86_64.whl", hash = "sha256:82847f2765835c8e5308f136bc34018d09b49037ec23ecc42b246424c767056b"},
    {file = "numpy-1.18.2-cp38-cp38-win32.whl", hash = "sha256:5e0feb76849ca3e83dd396254e47c7dba65b3fa9ed3df67c2556293ae3e16de3"},
    {file = "numpy-1.18.2-cp38-cp38-win_amd64.whl", hash = "sha256:ba3c7a2814ec8a176bb71f91478293d633c08582119e713a0c5351c0f77698da"},
    {file = "numpy-1.18.2.zip", hash = "sha256:e7894793e6e8540dbeac77c87b489e331947813511108ae097f1715c018b8f3d"},
]
pandas = [
    {file = "pandas-1.0.3-cp36-cp36m-macosx_10_9_x86_64.whl", hash = "sha256:d234bcf669e8b4d6cbcd99e3ce7a8918414520aeb113e2a81aeb02d0a533d7f7"},
    {file = "pandas-1.0.3-cp36-cp36m-manylinux1_i686.whl", hash = "sha256:ca84a44cf727f211752e91eab2d1c6c1ab0f0540d5636a8382a3af428542826e"},
    {file = "pandas-1.0.3-cp36-cp36m-manylinux1_x86_64.whl", hash = "sha256:1fa4bae1a6784aa550a1c9e168422798104a85bf9c77a1063ea77ee6f8452e3a"},
    {file = "pandas-1.0.3-cp36-cp36m-win32.whl", hash = "sha256:863c3e4b7ae550749a0bb77fa22e601a36df9d2905afef34a6965bed092ba9e5"},
    {file = "pandas-1.0.3-cp36-cp36m-win_amd64.whl", hash = "sha256:a210c91a02ec5ff05617a298ad6f137b9f6f5771bf31f2d6b6367d7f71486639"},
    {file = "pandas-1.0.3-cp37-cp37m-macosx_10_9_x86_64.whl", hash = "sha256:11c7cb654cd3a0e9c54d81761b5920cdc86b373510d829461d8f2ed6d5905266"},
    {file = "pandas-1.0.3-cp37-cp37m-manylinux1_i686.whl", hash = "sha256:6597df07ea361231e60c00692d8a8099b519ed741c04e65821e632bc9ccb924c"},
    {file = "pandas-1.0.3-cp37-cp37m-manylinux1_x86_64.whl", hash = "sha256:743bba36e99d4440403beb45a6f4f3a667c090c00394c176092b0b910666189b"},
    {file = "pandas-1.0.3-cp37-cp37m-win32.whl", hash = "sha256:07c1b58936b80eafdfe694ce964ac21567b80a48d972879a359b3ebb2ea76835"},
    {file = "pandas-1.0.3-cp37-cp37m-win_amd64.whl", hash = "sha256:12f492dd840e9db1688126216706aa2d1fcd3f4df68a195f9479272d50054645"},
    {file = "pandas-1.0.3-cp38-cp38-macosx_10_9_x86_64.whl", hash = "sha256:0ebe327fb088df4d06145227a4aa0998e4f80a9e6aed4b61c1f303bdfdf7c722"},
    {file = "pandas-1.0.3-cp38-cp38-manylinux1_i686.whl", hash = "sha256:858a0d890d957ae62338624e4aeaf1de436dba2c2c0772570a686eaca8b4fc85"},
    {file = "pandas-1.0.3-cp38-cp38-manylinux1_x86_64.whl", hash = "sha256:387dc7b3c0424327fe3218f81e05fc27832772a5dffbed385013161be58df90b"},
    {file = "pandas-1.0.3-cp38-cp38-win32.whl", hash = "sha256:167a1315367cea6ec6a5e11e791d9604f8e03f95b57ad227409de35cf850c9c5"},
    {file = "pandas-1.0.3-cp38-cp38-win_amd64.whl", hash = "sha256:1a7c56f1df8d5ad8571fa251b864231f26b47b59cbe41aa5c0983d17dbb7a8e4"},
    {file = "pandas-1.0.3.tar.gz", hash = "sha256:32f42e322fb903d0e189a4c10b75ba70d90958cc4f66a1781ed027f1a1d14586"},
]
pillow = [
    {file = "Pillow-8.2.0-cp36-cp36m-macosx_10_10_x86_64.whl", hash = "sha256:dc38f57d8f20f06dd7c3161c59ca2c86893632623f33a42d592f097b00f720a9"},
    {file = "Pillow-8.2.0-cp36-cp36m-manylinux1_i686.whl", hash = "sha256:a013cbe25d20c2e0c4e85a9daf438f85121a4d0344ddc76e33fd7e3965d9af4b"},
    {file = "Pillow-8.2.0-cp36-cp36m-manylinux1_x86_64.whl", hash = "sha256:8bb1e155a74e1bfbacd84555ea62fa21c58e0b4e7e6b20e4447b8d07990ac78b"},
    {file = "Pillow-8.2.0-cp36-cp36m-manylinux2014_aarch64.whl", hash = "sha256:c5236606e8570542ed424849f7852a0ff0bce2c4c8d0ba05cc202a5a9c97dee9"},
    {file = "Pillow-8.2.0-cp36-cp36m-win32.whl", hash = "sha256:12e5e7471f9b637762453da74e390e56cc43e486a88289995c1f4c1dc0bfe727"},
    {file = "Pillow-8.2.0-cp36-cp36m-win_amd64.whl", hash = "sha256:5afe6b237a0b81bd54b53f835a153770802f164c5570bab5e005aad693dab87f"},
    {file = "Pillow-8.2.0-cp37-cp37m-macosx_10_10_x86_64.whl", hash = "sha256:cb7a09e173903541fa888ba010c345893cd9fc1b5891aaf060f6ca77b6a3722d"},
    {file = "Pillow-8.2.0-cp37-cp37m-manylinux1_i686.whl", hash = "sha256:0d19d70ee7c2ba97631bae1e7d4725cdb2ecf238178096e8c82ee481e189168a"},
    {file = "Pillow-8.2.0-cp37-cp37m-manylinux1_x86_64.whl", hash = "sha256:083781abd261bdabf090ad07bb69f8f5599943ddb539d64497ed021b2a67e5a9"},
    {file = "Pillow-8.2.0-cp37-cp37m-manylinux2014_aarch64.whl", hash = "sha256:c6b39294464b03457f9064e98c124e09008b35a62e3189d3513e5148611c9388"},
    {file = "Pillow-8.2.0-cp37-cp37m-win32.whl", hash = "sha256:01425106e4e8cee195a411f729cff2a7d61813b0b11737c12bd5991f5f14bcd5"},
    {file = "Pillow-8.2.0-cp37-cp37m-win_amd64.whl", hash = "sha256:3b570f84a6161cf8865c4e08adf629441f56e32f180f7aa4ccbd2e0a5a02cba2"},
    {file = "Pillow-8.2.0-cp38-cp38-macosx_10_10_x86_64.whl", hash = "sha256:031a6c88c77d08aab84fecc05c3cde8414cd6f8406f4d2b16fed1e97634cc8a4"},
    {file = "Pillow-8.2.0-cp38-cp38-manylinux1_i686.whl", hash = "sha256:66cc56579fd91f517290ab02c51e3a80f581aba45fd924fcdee01fa06e635812"},
    {file = "Pillow-8.2.0-cp38-cp38-manylinux1_x86_64.whl", hash = "sha256:6c32cc3145928c4305d142ebec682419a6c0a8ce9e33db900027ddca1ec39178"},
    {file = "Pillow-8.2.0-cp38-cp38-manylinux2014_aarch64.whl", hash = "sha256:624b977355cde8b065f6d51b98497d6cd5fbdd4f36405f7a8790e3376125e2bb"},
    {file = "Pillow-8.2.0-cp38-cp38-win32.whl", hash = "sha256:5cbf3e3b1014dddc45496e8cf38b9f099c95a326275885199f427825c6522232"},
    {file = "Pillow-8.2.0-cp38-cp38-win_amd64.whl", hash = "sha256:463822e2f0d81459e113372a168f2ff59723e78528f91f0bd25680ac185cf797"},
    {file = "Pillow-8.2.0-cp39-cp39-macosx_10_10_x86_64.whl", hash = "sha256:95d5ef984eff897850f3a83883363da64aae1000e79cb3c321915468e8c6add5"},
    {file = "Pillow-8.2.0-cp39-cp39-macosx_11_0_arm64.whl", hash = "sha256:b91c36492a4bbb1ee855b7d16fe51379e5f96b85692dc8210831fbb24c43e484"},
    {file = "Pillow-8.2.0-cp39-cp39-manylinux1_i686.whl", hash = "sha256:d68cb92c408261f806b15923834203f024110a2e2872ecb0bd2a110f89d3c602"},
    {file = "Pillow-8.2.0-cp39-cp39-manylinux1_x86_64.whl", hash = "sha256:f217c3954ce5fd88303fc0c317af55d5e0204106d86dea17eb8205700d47dec2"},
    {file = "Pillow-8.2.0-cp39-cp39-manylinux2014_aarch64.whl", hash = "sha256:5b70110acb39f3aff6b74cf09bb4169b167e2660dabc304c1e25b6555fa781ef"},
    {file = "Pillow-8.2.0-cp39-cp39-win32.whl", hash = "sha256:a7d5e9fad90eff8f6f6106d3b98b553a88b6f976e51fce287192a5d2d5363713"},
    {file = "Pillow-8.2.0-cp39-cp39-win_amd64.whl", hash = "sha256:238c197fc275b475e87c1453b05b467d2d02c2915fdfdd4af126145ff2e4610c"},
    {file = "Pillow-8.2.0-pp36-pypy36_pp73-macosx_10_10_x86_64.whl", hash = "sha256:0e04d61f0064b545b989126197930807c86bcbd4534d39168f4aa5fda39bb8f9"},
    {file = "Pillow-8.2.0-pp36-pypy36_pp73-manylinux2010_i686.whl", hash = "sha256:63728564c1410d99e6d1ae8e3b810fe012bc440952168af0a2877e8ff5ab96b9"},
    {file = "Pillow-8.2.0-pp36-pypy36_pp73-manylinux2010_x86_64.whl", hash = "sha256:c03c07ed32c5324939b19e36ae5f75c660c81461e312a41aea30acdd46f93a7c"},
    {file = "Pillow-8.2.0-pp37-pypy37_pp73-macosx_10_10_x86_64.whl", hash = "sha256:4d98abdd6b1e3bf1a1cbb14c3895226816e666749ac040c4e2554231068c639b"},
    {file = "Pillow-8.2.0-pp37-pypy37_pp73-manylinux2010_i686.whl", hash = "sha256:aac00e4bc94d1b7813fe882c28990c1bc2f9d0e1aa765a5f2b516e8a6a16a9e4"},
    {file = "Pillow-8.2.0-pp37-pypy37_pp73-manylinux2010_x86_64.whl", hash = "sha256:22fd0f42ad15dfdde6c581347eaa4adb9a6fc4b865f90b23378aa7914895e120"},
    {file = "Pillow-8.2.0-pp37-pypy37_pp73-win32.whl", hash = "sha256:e98eca29a05913e82177b3ba3d198b1728e164869c613d76d0de4bde6768a50e"},
    {file = "Pillow-8.2.0-pp37-pypy37_pp73-win_amd64.whl", hash = "sha256:8b56553c0345ad6dcb2e9b433ae47d67f95fc23fe28a0bde15a120f25257e291"},
    {file = "Pillow-8.2.0.tar.gz", hash = "sha256:a787ab10d7bb5494e5f76536ac460741788f1fbce851068d73a87ca7c35fc3e1"},
]
plotly = [
    {file = "plotly-4.6.0-py2.py3-none-any.whl", hash = "sha256:ac0ca0854350bfcd833f3a8eb08aa50e184660502bb46fe907701f896ff349bd"},
    {file = "plotly-4.6.0.tar.gz", hash = "sha256:61f34955f04201a1ebcd59feaafa7eae7c16ef9b3f439870be01fb85a949292f"},
]
psutil = [
    {file = "psutil-5.7.0-cp27-none-win32.whl", hash = "sha256:298af2f14b635c3c7118fd9183843f4e73e681bb6f01e12284d4d70d48a60953"},
    {file = "psutil-5.7.0-cp27-none-win_amd64.whl", hash = "sha256:75e22717d4dbc7ca529ec5063000b2b294fc9a367f9c9ede1f65846c7955fd38"},
    {file = "psutil-5.7.0-cp35-cp35m-win32.whl", hash = "sha256:f344ca230dd8e8d5eee16827596f1c22ec0876127c28e800d7ae20ed44c4b310"},
    {file = "psutil-5.7.0-cp35-cp35m-win_amd64.whl", hash = "sha256:e2d0c5b07c6fe5a87fa27b7855017edb0d52ee73b71e6ee368fae268605cc3f5"},
    {file = "psutil-5.7.0-cp36-cp36m-win32.whl", hash = "sha256:a02f4ac50d4a23253b68233b07e7cdb567bd025b982d5cf0ee78296990c22d9e"},
    {file = "psutil-5.7.0-cp36-cp36m-win_amd64.whl", hash = "sha256:1413f4158eb50e110777c4f15d7c759521703bd6beb58926f1d562da40180058"},
    {file = "psutil-5.7.0-cp37-cp37m-win32.whl", hash = "sha256:d008ddc00c6906ec80040d26dc2d3e3962109e40ad07fd8a12d0284ce5e0e4f8"},
    {file = "psutil-5.7.0-cp37-cp37m-win_amd64.whl", hash = "sha256:73f35ab66c6c7a9ce82ba44b1e9b1050be2a80cd4dcc3352cc108656b115c74f"},
    {file = "psutil-5.7.0-cp38-cp38-win32.whl", hash = "sha256:60b86f327c198561f101a92be1995f9ae0399736b6eced8f24af41ec64fb88d4"},
    {file = "psutil-5.7.0-cp38-cp38-win_amd64.whl", hash = "sha256:d84029b190c8a66a946e28b4d3934d2ca1528ec94764b180f7d6ea57b0e75e26"},
    {file = "psutil-5.7.0.tar.gz", hash = "sha256:685ec16ca14d079455892f25bd124df26ff9137664af445563c1bd36629b5e0e"},
]
python-dateutil = [
    {file = "python-dateutil-2.8.1.tar.gz", hash = "sha256:73ebfe9dbf22e832286dafa60473e4cd239f8592f699aa5adaf10050e6e1823c"},
    {file = "python_dateutil-2.8.1-py2.py3-none-any.whl", hash = "sha256:75bb3f31ea686f1197762692a9ee6a7550b59fc6ca3a1f4b5d7e32fb98e2da2a"},
]
pytz = [
    {file = "pytz-2019.3-py2.py3-none-any.whl", hash = "sha256:1c557d7d0e871de1f5ccd5833f60fb2550652da6be2693c1e02300743d21500d"},
    {file = "pytz-2019.3.tar.gz", hash = "sha256:b02c06db6cf09c12dd25137e563b31700d3b80fcc4ad23abb7a315f2789819be"},
]
requests = [
    {file = "requests-2.23.0-py2.7.egg", hash = "sha256:5d2d0ffbb515f39417009a46c14256291061ac01ba8f875b90cad137de83beb4"},
    {file = "requests-2.23.0-py2.py3-none-any.whl", hash = "sha256:43999036bfa82904b6af1d99e4882b560e5e2c68e5c4b0aa03b655f3d7d73fee"},
    {file = "requests-2.23.0.tar.gz", hash = "sha256:b3f43d496c6daba4493e7c431722aeb7dbc6288f52a6e04e7b6023b0247817e6"},
]
retrying = [
    {file = "retrying-1.3.3.tar.gz", hash = "sha256:08c039560a6da2fe4f2c426d0766e284d3b736e355f8dd24b37367b0bb41973b"},
]
s3fs = [
    {file = "s3fs-0.4.2-py3-none-any.whl", hash = "sha256:91c1dfb45e5217bd441a7a560946fe865ced6225ff7eb0fb459fe6e601a95ed3"},
    {file = "s3fs-0.4.2.tar.gz", hash = "sha256:2ca5de8dc18ad7ad350c0bd01aef0406aa5d0fff78a561f0f710f9d9858abdd0"},
]
s3transfer = [
    {file = "s3transfer-0.3.3-py2.py3-none-any.whl", hash = "sha256:2482b4259524933a022d59da830f51bd746db62f047d6eb213f2f8855dcb8a13"},
    {file = "s3transfer-0.3.3.tar.gz", hash = "sha256:921a37e2aefc64145e7b73d50c71bb4f26f46e4c9f414dc648c6245ff92cf7db"},
]
six = [
    {file = "six-1.14.0-py2.py3-none-any.whl", hash = "sha256:8f3cd2e254d8f793e7f3d6d9df77b92252b52637291d0f0da013c76ea2724b6c"},
    {file = "six-1.14.0.tar.gz", hash = "sha256:236bdbdce46e6e6a3d61a337c0f8b763ca1e8717c03b369e87a7ec7ce1319c0a"},
]
sodapy = [
    {file = "sodapy-2.1.0-py2.py3-none-any.whl", hash = "sha256:c1d30f01eab50014c356b4e315368a3beb914b2c4fb78af48edc5721866a7f26"},
    {file = "sodapy-2.1.0.tar.gz", hash = "sha256:44e701efc16600d2b3b24b56b6e1d3a0e55567909b9ac84af8f9d1eb4870dc0f"},
]
tqdm = [
    {file = "tqdm-4.46.0-py2.py3-none-any.whl", hash = "sha256:acdafb20f51637ca3954150d0405ff1a7edde0ff19e38fb99a80a66210d2a28f"},
    {file = "tqdm-4.46.0.tar.gz", hash = "sha256:4733c4a10d0f2a4d098d801464bdaf5240c7dadd2a7fde4ee93b0a0efd9fb25e"},
]
typer = [
    {file = "typer-0.1.1-py3-none-any.whl", hash = "sha256:e6fdb492c2f20d2d8123b8b2f4efa060770f92664aad8d36126f53dce501e9a8"},
    {file = "typer-0.1.1.tar.gz", hash = "sha256:180d746de86724f9f94e90fa95caa065b5af9b3b3c77fc9d4d4ca1b75adc0c01"},
]
unidecode = [
    {file = "Unidecode-1.1.1-py2.py3-none-any.whl", hash = "sha256:1d7a042116536098d05d599ef2b8616759f02985c85b4fef50c78a5aaf10822a"},
    {file = "Unidecode-1.1.1.tar.gz", hash = "sha256:2b6aab710c2a1647e928e36d69c21e76b453cd455f4e2621000e54b2a9b8cce8"},
]
urllib3 = [
    {file = "urllib3-1.25.8-py2.py3-none-any.whl", hash = "sha256:2f3db8b19923a873b3e5256dc9c2dedfa883e33d87c690d9c7913e1f40673cdc"},
    {file = "urllib3-1.25.8.tar.gz", hash = "sha256:87716c2d2a7121198ebcb7ce7cccf6ce5e9ba539041cfbaeecfb641dc0bf6acc"},
]
